{
  "name": "the-misaka-bot",
  "version": "1.0.0",
  "lockfileVersion": 1,
  "requires": true,
  "dependencies": {
    "cross-fetch": {
      "version": "3.0.6",
      "resolved": "https://registry.npmjs.org/cross-fetch/-/cross-fetch-3.0.6.tgz",
      "integrity": "sha512-KBPUbqgFjzWlVcURG+Svp9TlhA5uliYtiNx/0r8nv0pdypeQCRJ9IaSIc3q/x3q8t3F75cHuwxVql1HFGHCNJQ==",
      "requires": {
        "node-fetch": "2.6.1"
      }
    },
    "csv-parser": {
      "version": "3.0.0",
      "resolved": "https://registry.npmjs.org/csv-parser/-/csv-parser-3.0.0.tgz",
      "integrity": "sha512-s6OYSXAK3IdKqYO33y09jhypG/bSDHPuyCme/IdEHfWpLf/jKcpitVFyOC6UemgGk8v7Q5u2XE0vvwmanxhGlQ==",
      "requires": {
        "minimist": "^1.2.0"
      }
    },
    "csv-writer": {
      "version": "1.6.0",
      "resolved": "https://registry.npmjs.org/csv-writer/-/csv-writer-1.6.0.tgz",
      "integrity": "sha512-NOx7YDFWEsM/fTRAJjRpPp8t+MKRVvniAg9wQlUKx20MFrPs73WLJhFf5iteqrxNYnsy924K3Iroh3yNHeYd2g=="
    },
    "currently-airing-anime": {
      "version": "0.6.3",
      "resolved": "https://registry.npmjs.org/currently-airing-anime/-/currently-airing-anime-0.6.3.tgz",
      "integrity": "sha512-PWJryBiqLL4l5vgdtejgF1BavZ2oMHNBgWkWbHSg0qCpvGLJEyuJoh0YDWNPbsjp1w1Tjb9aJodv4RVVIktoXw=="
    },
    "date-fns": {
      "version": "2.16.1",
      "resolved": "https://registry.npmjs.org/date-fns/-/date-fns-2.16.1.tgz",
      "integrity": "sha512-sAJVKx/FqrLYHAQeN7VpJrPhagZc9R4ImZIWYRFZaaohR3KzmuK88touwsSwSVT8Qcbd4zoDsnGfX4GFB4imyQ=="
    },
    "debug": {
      "version": "4.3.1",
      "resolved": "https://registry.npmjs.org/debug/-/debug-4.3.1.tgz",
      "integrity": "sha512-doEwdvm4PCeK4K3RQN2ZC2BYUBaxwLARCqZmMjtF8a51J2Rb0xpVloFRnCODwqjpwnAoao4pelN8l3RJdv3gRQ==",
      "requires": {
        "ms": "2.1.2"
      }
    },
    "dotenv": {
      "version": "8.2.0",
      "resolved": "https://registry.npmjs.org/dotenv/-/dotenv-8.2.0.tgz",
      "integrity": "sha512-8sJ78ElpbDJBHNeBzUbUVLsqKdccaa/BXF1uPTw3GrvQTBgrQrtObr2mUrE38vzYd8cEv+m/JBfDLioYcfXoaw=="
    },
    "fs": {
      "version": "0.0.1-security",
      "resolved": "https://registry.npmjs.org/fs/-/fs-0.0.1-security.tgz",
      "integrity": "sha1-invTcYa23d84E/I4WLV+yq9eQdQ="
    },
    "jikan-node": {
      "version": "1.2.1",
      "resolved": "https://registry.npmjs.org/jikan-node/-/jikan-node-1.2.1.tgz",
      "integrity": "sha512-qbP7T+s5RimCuVWUzJicSta4KHc2hWmBeyoHoULdTjJkbIRsnSbC25iIWPh8AF1SKXftSo9AnrSlpJg4bBoXTw==",
      "requires": {
        "cross-fetch": "^3.0.2"
      }
    },
    "minimist": {
      "version": "1.2.5",
      "resolved": "https://registry.npmjs.org/minimist/-/minimist-1.2.5.tgz",
      "integrity": "sha512-FM9nNUYrRBAELZQT3xeZQ7fmMOBg6nWNmJKTcgsJeaLstP/UODVpGsr5OhXhhXg6f+qtJ8uiZ+PUxkDWcgIXLw=="
    },
    "module-alias": {
      "version": "2.2.2",
      "resolved": "https://registry.npmjs.org/module-alias/-/module-alias-2.2.2.tgz",
      "integrity": "sha512-A/78XjoX2EmNvppVWEhM2oGk3x4lLxnkEA4jTbaK97QKSDjkIoOsKQlfylt/d3kKKi596Qy3NP5XrXJ6fZIC9Q=="
    },
    "ms": {
      "version": "2.1.2",
      "resolved": "https://registry.npmjs.org/ms/-/ms-2.1.2.tgz",
      "integrity": "sha512-sGkPx+VjMtmA6MX27oA4FBFELFCZZ4S4XqeGOXCv68tT+jb3vk/RyaKWP0PTKyWtmLSM0b+adUTEvbs1PEaH2w=="
    },
    "node-fetch": {
      "version": "2.6.1",
      "resolved": "https://registry.npmjs.org/node-fetch/-/node-fetch-2.6.1.tgz",
      "integrity": "sha512-V4aYg89jEoVRxRb2fJdAg8FHvI7cEyYdVAh94HH0UIK8oJxUfkjlDQN9RbMx+bEjP7+ggMiFRprSti032Oipxw=="
    },
    "sandwich-stream": {
      "version": "2.0.2",
      "resolved": "https://registry.npmjs.org/sandwich-stream/-/sandwich-stream-2.0.2.tgz",
      "integrity": "sha512-jLYV0DORrzY3xaz/S9ydJL6Iz7essZeAfnAavsJ+zsJGZ1MOnsS52yRjU3uF3pJa/lla7+wisp//fxOwOH8SKQ=="
    },
    "telegraf": {
      "version": "file:telegraf",
      "requires": {
        "debug": "^4.0.1",
        "minimist": "^1.2.0",
        "module-alias": "^2.2.2",
        "node-fetch": "^2.2.0",
        "sandwich-stream": "^2.0.1",
        "telegram-typings": "^3.6.0"
      },
      "dependencies": {
        "@types/debug": {
          "version": "4.1.5",
          "resolved": "https://registry.npmjs.org/@types/debug/-/debug-4.1.5.tgz",
          "integrity": "sha512-Q1y515GcOdTHgagaVFhHnIFQ38ygs/kmxdNpvpou+raI9UO3YZcHDngBSYKQklcKlvA7iuQlmIKbzvmxcOE9CQ=="
        },
        "@types/node-fetch": {
          "version": "2.5.7",
          "resolved": "https://registry.npmjs.org/@types/node-fetch/-/node-fetch-2.5.7.tgz",
          "integrity": "sha512-o2WVNf5UhWRkxlf6eq+jMZDu7kjgpgJfl4xVNlvryc95O/6F2ld8ztKX+qu+Rjyet93WAWm5LjeX9H5FGkODvw=="
        },
        "@typescript-eslint/eslint-plugin": {
          "version": "4.12.0",
          "resolved": "https://registry.npmjs.org/@typescript-eslint/eslint-plugin/-/eslint-plugin-4.12.0.tgz",
          "integrity": "sha512-wHKj6q8s70sO5i39H2g1gtpCXCvjVszzj6FFygneNFyIAxRvNSVz9GML7XpqrB9t7hNutXw+MHnLN/Ih6uyB8Q==",
          "requires": {
            "debug": "^4.1.1"
          }
        },
        "abort-controller": {
          "version": "3.0.0",
          "resolved": "https://registry.npmjs.org/abort-controller/-/abort-controller-3.0.0.tgz",
          "integrity": "sha512-h8lQ8tacZYnR3vNQTgibj+tODHI5/+l06Au2Pcriv/Gmet0eaj4TwWH41sO9wnHDiQsEj19q0drzdWdeAHtweg=="
        },
        "ava": {
          "version": "3.15.0",
          "resolved": "https://registry.npmjs.org/ava/-/ava-3.15.0.tgz",
          "integrity": "sha512-HGAnk1SHPk4Sx6plFAUkzV/XC1j9+iQhOzt4vBly18/yo0AV8Oytx7mtJd/CR8igCJ5p160N/Oo/cNJi2uSeWA==",
          "requires": {
            "debug": "^4.3.1"
          }
        },
        "eslint": {
          "version": "7.17.0",
          "resolved": "https://registry.npmjs.org/eslint/-/eslint-7.17.0.tgz",
          "integrity": "sha512-zJk08MiBgwuGoxes5sSQhOtibZ75pz0J35XTRlZOk9xMffhpA9BTbQZxoXZzOl5zMbleShbGwtw+1kGferfFwQ==",
          "requires": {
            "debug": "^4.0.1"
          }
        },
        "eslint-config-prettier": {
          "version": "7.1.0",
          "resolved": "https://registry.npmjs.org/eslint-config-prettier/-/eslint-config-prettier-7.1.0.tgz",
          "integrity": "sha512-9sm5/PxaFG7qNJvJzTROMM1Bk1ozXVTKI0buKOyb0Bsr1hrwi0H/TzxF/COtf1uxikIK8SwhX7K6zg78jAzbeA=="
        },
        "eslint-config-standard": {
          "version": "16.0.2",
          "resolved": "https://registry.npmjs.org/eslint-config-standard/-/eslint-config-standard-16.0.2.tgz",
          "integrity": "sha512-fx3f1rJDsl9bY7qzyX8SAtP8GBSk6MfXFaTfaGgk12aAYW4gJSyRm7dM790L6cbXv63fvjY4XeSzXnb4WM+SKw=="
        },
        "eslint-config-standard-with-typescript": {
          "version": "19.0.1",
          "resolved": "https://registry.npmjs.org/eslint-config-standard-with-typescript/-/eslint-config-standard-with-typescript-19.0.1.tgz",
          "integrity": "sha512-hAKj81+f4a+9lnvpHwZ4XSL672CbwSe5UJ7fTdL/RsQdqs4IjHudMETZuNQwwU7NlYpBTF9se7FRf5Pp7CVdag=="
        },
        "eslint-plugin-ava": {
          "version": "11.0.0",
          "resolved": "https://registry.npmjs.org/eslint-plugin-ava/-/eslint-plugin-ava-11.0.0.tgz",
          "integrity": "sha512-UMGedfl/gIKx1tzjGtAsTSJgowyAEZU2VWmpoWXYcuuV4B2H4Cu90yuMgMPEVt1mQlIZ21L7YM2CSpHUFJo/LQ=="
        },
        "eslint-plugin-import": {
          "version": "2.22.1",
          "resolved": "https://registry.npmjs.org/eslint-plugin-import/-/eslint-plugin-import-2.22.1.tgz",
          "integrity": "sha512-8K7JjINHOpH64ozkAhpT3sd+FswIZTfMZTjdx052pnWrgRCVfp8op9tbjpAk3DdUeI/Ba4C8OjdC0r90erHEOw=="
        },
        "eslint-plugin-node": {
          "version": "11.1.0",
          "resolved": "https://registry.npmjs.org/eslint-plugin-node/-/eslint-plugin-node-11.1.0.tgz",
          "integrity": "sha512-oUwtPJ1W0SKD0Tr+wqu92c5xuCeQqB3hSCHasn/ZgjFdA9iDGNkNf2Zi9ztY7X+hNuMib23LNGRm6+uN+KLE3g=="
        },
        "eslint-plugin-prettier": {
          "version": "3.3.1",
          "resolved": "https://registry.npmjs.org/eslint-plugin-prettier/-/eslint-plugin-prettier-3.3.1.tgz",
          "integrity": "sha512-Rq3jkcFY8RYeQLgk2cCwuc0P7SEFwDravPhsJZOQ5N4YI4DSg50NyqJ/9gdZHzQlHf8MvafSesbNJCcP/FF6pQ=="
        },
        "eslint-plugin-promise": {
          "version": "4.2.1",
          "resolved": "https://registry.npmjs.org/eslint-plugin-promise/-/eslint-plugin-promise-4.2.1.tgz",
          "integrity": "sha512-VoM09vT7bfA7D+upt+FjeBO5eHIJQBUWki1aPvB+vbNiHS3+oGIJGIeyBtKQTME6UPXXy3vV07OL1tHd3ANuDw=="
        },
        "eslint-plugin-standard": {
          "version": "4.1.0",
          "resolved": "https://registry.npmjs.org/eslint-plugin-standard/-/eslint-plugin-standard-4.1.0.tgz",
          "integrity": "sha512-ZL7+QRixjTR6/528YNGyDotyffm5OQst/sGxKDwGb9Uqs4In5Egi4+jbobhqJoyoCM6/7v/1A5fhQ7ScMtDjaQ=="
        },
        "husky": {
          "version": "4.3.7",
          "resolved": "https://registry.npmjs.org/husky/-/husky-4.3.7.tgz",
          "integrity": "sha512-0fQlcCDq/xypoyYSJvEuzbDPHFf8ZF9IXKJxlrnvxABTSzK1VPT2RKYQKrcgJ+YD39swgoB6sbzywUqFxUiqjw=="
        },
        "mjs-entry": {
          "version": "0.0.0",
          "from": "gist:de6257751f54b3c66319bae8d2a8aea0"
        },
        "p-timeout": {
          "version": "4.1.0",
          "resolved": "https://registry.npmjs.org/p-timeout/-/p-timeout-4.1.0.tgz",
          "integrity": "sha512-+/wmHtzJuWii1sXn3HCuH/FTwGhrp4tmJTxSKJbfS+vkipci6osxXM5mY0jUiRzWKMTgUT8l7HFbeSwZAynqHw=="
        },
        "prettier": {
          "version": "2.2.1",
          "resolved": "https://registry.npmjs.org/prettier/-/prettier-2.2.1.tgz",
          "integrity": "sha512-PqyhM2yCjg/oKkFPtTGUojv7gnZAoG80ttl45O6x2Ug/rMJw4wcc9k6aaf2hibP7BGVCCM33gZoGjyvt9mm16Q=="
        },
        "typedoc": {
          "version": "0.20.13",
          "resolved": "https://registry.npmjs.org/typedoc/-/typedoc-0.20.13.tgz",
          "integrity": "sha512-SJVFn6NJd5bWJHMPgEkDUrKIEfMbja6ftIJv/tgd0xQZp5cWxGTdEnmRr56+egIQZkAJFB39eDvmNV4Lqqy4Gw=="
        },
        "typegram": {
          "version": "3.1.4",
          "resolved": "https://registry.npmjs.org/typegram/-/typegram-3.1.4.tgz",
          "integrity": "sha512-AsYxLLynwBgeUJNU+3oSYNPSB3bwb/uyzrEPvrPwC0HXCYhW+otNV5q4T8Sb43SQSAP71hWC8EzBgDtlGGBx0A=="
        },
        "typescript": {
          "version": "4.1.3",
          "resolved": "https://registry.npmjs.org/typescript/-/typescript-4.1.3.tgz",
          "integrity": "sha512-B3ZIOf1IKeH2ixgHhj6la6xdwR9QrLC5d1VKeCSY4tvkqhF2eqd9O7txNlS0PO3GrBAFIdr3L1ndNwteUbZLYg=="
        }
      }
    },
    "telegram-typings": {
      "version": "3.6.1",
      "resolved": "https://registry.npmjs.org/telegram-typings/-/telegram-typings-3.6.1.tgz",
      "integrity": "sha512-njVv1EAhIZnmQVLocZEADYUyqA1WIXuVcDYlsp+mXua/XB0pxx+PKtMSPeZ/EE4wPWTw9h/hA9ASTT6yQelkiw=="
    },
    "typescript": {
      "version": "4.1.3",
      "resolved": "https://registry.npmjs.org/typescript/-/typescript-4.1.3.tgz",
      "integrity": "sha512-B3ZIOf1IKeH2ixgHhj6la6xdwR9QrLC5d1VKeCSY4tvkqhF2eqd9O7txNlS0PO3GrBAFIdr3L1ndNwteUbZLYg=="
    }
  }
}
